Microsoft Visual Studio Solution File, Format Version 12.00
# Visual Studio Version 17
VisualStudioVersion = 17.3.32901.215
MinimumVisualStudioVersion = 10.0.40219.1
Project("{2150E333-8FDC-42A3-9474-1A3956D46DE8}") = "src", "src", "{C3B70BF6-FB3D-4A24-A19F-958C34F1D5A1}"
EndProject
Project("{2150E333-8FDC-42A3-9474-1A3956D46DE8}") = "test", "test", "{7B64448F-F9AB-4DC0-87F9-0DD47E5F4414}"
EndProject
Project("{9A19103F-16F7-4668-BE54-9A1E7A4F7556}") = "KeyNekretnine.Api", "src\KeyNekretnine.Api\KeyNekretnine.Api.csproj", "{6F839310-9B62-49E9-A1BA-BA52C14CCAD2}"
EndProject
Project("{9A19103F-16F7-4668-BE54-9A1E7A4F7556}") = "KeyNekretnine.Application", "src\KeyNekretnine.Application\KeyNekretnine.Application.csproj", "{3C164FE5-DCFF-4C45-A6D4-EB84C9A22E27}"
EndProject
Project("{9A19103F-16F7-4668-BE54-9A1E7A4F7556}") = "KeyNekretnine.Infrastructure", "src\KeyNekretnine.Infrastructure\KeyNekretnine.Infrastructure.csproj", "{344FAAA7-D077-40BE-B987-652955327CA0}"
EndProject
Project("{9A19103F-16F7-4668-BE54-9A1E7A4F7556}") = "KeyNekretnine.Domain", "src\KeyNekretnine.Domain\KeyNekretnine.Domain.csproj", "{FFADCD17-18FF-4F95-BD80-E6E1A42A263B}"
EndProject
Global
	GlobalSection(SolutionConfigurationPlatforms) = preSolution
		Debug|Any CPU = Debug|Any CPU
		Release|Any CPU = Release|Any CPU
	EndGlobalSection
	GlobalSection(ProjectConfigurationPlatforms) = postSolution
		{6F839310-9B62-49E9-A1BA-BA52C14CCAD2}.Debug|Any CPU.ActiveCfg = Debug|Any CPU
		{6F839310-9B62-49E9-A1BA-BA52C14CCAD2}.Debug|Any CPU.Build.0 = Debug|Any CPU
		{6F839310-9B62-49E9-A1BA-BA52C14CCAD2}.Release|Any CPU.ActiveCfg = Release|Any CPU
		{6F839310-9B62-49E9-A1BA-BA52C14CCAD2}.Release|Any CPU.Build.0 = Release|Any CPU
		{3C164FE5-DCFF-4C45-A6D4-EB84C9A22E27}.Debug|Any CPU.ActiveCfg = Debug|Any CPU
		{3C164FE5-DCFF-4C45-A6D4-EB84C9A22E27}.Debug|Any CPU.Build.0 = Debug|Any CPU
		{3C164FE5-DCFF-4C45-A6D4-EB84C9A22E27}.Release|Any CPU.ActiveCfg = Release|Any CPU
		{3C164FE5-DCFF-4C45-A6D4-EB84C9A22E27}.Release|Any CPU.Build.0 = Release|Any CPU
		{344FAAA7-D077-40BE-B987-652955327CA0}.Debug|Any CPU.ActiveCfg = Debug|Any CPU
		{344FAAA7-D077-40BE-B987-652955327CA0}.Debug|Any CPU.Build.0 = Debug|Any CPU
		{344FAAA7-D077-40BE-B987-652955327CA0}.Release|Any CPU.ActiveCfg = Release|Any CPU
		{344FAAA7-D077-40BE-B987-652955327CA0}.Release|Any CPU.Build.0 = Release|Any CPU
		{FFADCD17-18FF-4F95-BD80-E6E1A42A263B}.Debug|Any CPU.ActiveCfg = Debug|Any CPU
		{FFADCD17-18FF-4F95-BD80-E6E1A42A263B}.Debug|Any CPU.Build.0 = Debug|Any CPU
		{FFADCD17-18FF-4F95-BD80-E6E1A42A263B}.Release|Any CPU.ActiveCfg = Release|Any CPU
		{FFADCD17-18FF-4F95-BD80-E6E1A42A263B}.Release|Any CPU.Build.0 = Release|Any CPU
	EndGlobalSection
	GlobalSection(SolutionProperties) = preSolution
		HideSolutionNode = FALSE
	EndGlobalSection
	GlobalSection(NestedProjects) = preSolution
		{6F839310-9B62-49E9-A1BA-BA52C14CCAD2} = {C3B70BF6-FB3D-4A24-A19F-958C34F1D5A1}
		{3C164FE5-DCFF-4C45-A6D4-EB84C9A22E27} = {C3B70BF6-FB3D-4A24-A19F-958C34F1D5A1}
		{344FAAA7-D077-40BE-B987-652955327CA0} = {C3B70BF6-FB3D-4A24-A19F-958C34F1D5A1}
		{FFADCD17-18FF-4F95-BD80-E6E1A42A263B} = {C3B70BF6-FB3D-4A24-A19F-958C34F1D5A1}
	EndGlobalSection
	GlobalSection(ExtensibilityGlobals) = postSolution
		SolutionGuid = {DBEA41A5-818C-4C14-9000-1777DDD458E2}
	EndGlobalSection
EndGlobal
